
Microsoft Visual Studio Solution File, Format Version 12.00
# Visual Studio Version 17
VisualStudioVersion = 17.10.34928.147
MinimumVisualStudioVersion = 10.0.40219.1
Project("{FAE04EC0-301F-11D3-BF4B-00C04F79EFBC}") = "maiorMenor18", "maiorMenor18\maiorMenor18.csproj", "{21FC471E-BA20-4DA6-9CAB-015C308E2C31}"
EndProject
Project("{FAE04EC0-301F-11D3-BF4B-00C04F79EFBC}") = "randomBin", "0s1s\randomBin.csproj", "{0B13E347-5BF9-4338-A106-13F9DEF290B9}"
EndProject
Project("{FAE04EC0-301F-11D3-BF4B-00C04F79EFBC}") = "toChar", "randomHex\toChar.csproj", "{CA6F9B9A-6828-4B0F-94A5-47F94E5C0FC4}"
EndProject
Project("{FAE04EC0-301F-11D3-BF4B-00C04F79EFBC}") = "tempoDeVida", "tempoDeVida\tempoDeVida.csproj", "{49313A84-CB4F-4D0F-A87F-9EE239C283EA}"
EndProject
Project("{C7167F0D-BC9F-4E6E-AFE1-012C56B48DB5}") = "App1 (Package)", "App1\App1 (Package)\App1 (Package).wapproj", "{FA1A7836-F82A-4AE2-82B6-4A0068829480}"
EndProject
Project("{FAE04EC0-301F-11D3-BF4B-00C04F79EFBC}") = "App1", "App1\App1\App1.csproj", "{2AEE005A-1F57-49F3-A59A-83703415B6EF}"
EndProject
Global
	GlobalSection(SolutionConfigurationPlatforms) = preSolution
		Debug|Any CPU = Debug|Any CPU
		Debug|ARM64 = Debug|ARM64
		Debug|x64 = Debug|x64
		Debug|x86 = Debug|x86
		Release|Any CPU = Release|Any CPU
		Release|ARM64 = Release|ARM64
		Release|x64 = Release|x64
		Release|x86 = Release|x86
	EndGlobalSection
	GlobalSection(ProjectConfigurationPlatforms) = postSolution
		{21FC471E-BA20-4DA6-9CAB-015C308E2C31}.Debug|Any CPU.ActiveCfg = Debug|Any CPU
		{21FC471E-BA20-4DA6-9CAB-015C308E2C31}.Debug|Any CPU.Build.0 = Debug|Any CPU
		{21FC471E-BA20-4DA6-9CAB-015C308E2C31}.Debug|ARM64.ActiveCfg = Debug|Any CPU
		{21FC471E-BA20-4DA6-9CAB-015C308E2C31}.Debug|ARM64.Build.0 = Debug|Any CPU
		{21FC471E-BA20-4DA6-9CAB-015C308E2C31}.Debug|x64.ActiveCfg = Debug|Any CPU
		{21FC471E-BA20-4DA6-9CAB-015C308E2C31}.Debug|x64.Build.0 = Debug|Any CPU
		{21FC471E-BA20-4DA6-9CAB-015C308E2C31}.Debug|x86.ActiveCfg = Debug|Any CPU
		{21FC471E-BA20-4DA6-9CAB-015C308E2C31}.Debug|x86.Build.0 = Debug|Any CPU
		{21FC471E-BA20-4DA6-9CAB-015C308E2C31}.Release|Any CPU.ActiveCfg = Release|Any CPU
		{21FC471E-BA20-4DA6-9CAB-015C308E2C31}.Release|Any CPU.Build.0 = Release|Any CPU
		{21FC471E-BA20-4DA6-9CAB-015C308E2C31}.Release|ARM64.ActiveCfg = Release|Any CPU
		{21FC471E-BA20-4DA6-9CAB-015C308E2C31}.Release|ARM64.Build.0 = Release|Any CPU
		{21FC471E-BA20-4DA6-9CAB-015C308E2C31}.Release|x64.ActiveCfg = Release|Any CPU
		{21FC471E-BA20-4DA6-9CAB-015C308E2C31}.Release|x64.Build.0 = Release|Any CPU
		{21FC471E-BA20-4DA6-9CAB-015C308E2C31}.Release|x86.ActiveCfg = Release|Any CPU
		{21FC471E-BA20-4DA6-9CAB-015C308E2C31}.Release|x86.Build.0 = Release|Any CPU
		{0B13E347-5BF9-4338-A106-13F9DEF290B9}.Debug|Any CPU.ActiveCfg = Debug|Any CPU
		{0B13E347-5BF9-4338-A106-13F9DEF290B9}.Debug|Any CPU.Build.0 = Debug|Any CPU
		{0B13E347-5BF9-4338-A106-13F9DEF290B9}.Debug|ARM64.ActiveCfg = Debug|Any CPU
		{0B13E347-5BF9-4338-A106-13F9DEF290B9}.Debug|ARM64.Build.0 = Debug|Any CPU
		{0B13E347-5BF9-4338-A106-13F9DEF290B9}.Debug|x64.ActiveCfg = Debug|Any CPU
		{0B13E347-5BF9-4338-A106-13F9DEF290B9}.Debug|x64.Build.0 = Debug|Any CPU
		{0B13E347-5BF9-4338-A106-13F9DEF290B9}.Debug|x86.ActiveCfg = Debug|Any CPU
		{0B13E347-5BF9-4338-A106-13F9DEF290B9}.Debug|x86.Build.0 = Debug|Any CPU
		{0B13E347-5BF9-4338-A106-13F9DEF290B9}.Release|Any CPU.ActiveCfg = Release|Any CPU
		{0B13E347-5BF9-4338-A106-13F9DEF290B9}.Release|Any CPU.Build.0 = Release|Any CPU
		{0B13E347-5BF9-4338-A106-13F9DEF290B9}.Release|ARM64.ActiveCfg = Release|Any CPU
		{0B13E347-5BF9-4338-A106-13F9DEF290B9}.Release|ARM64.Build.0 = Release|Any CPU
		{0B13E347-5BF9-4338-A106-13F9DEF290B9}.Release|x64.ActiveCfg = Release|Any CPU
		{0B13E347-5BF9-4338-A106-13F9DEF290B9}.Release|x64.Build.0 = Release|Any CPU
		{0B13E347-5BF9-4338-A106-13F9DEF290B9}.Release|x86.ActiveCfg = Release|Any CPU
		{0B13E347-5BF9-4338-A106-13F9DEF290B9}.Release|x86.Build.0 = Release|Any CPU
		{CA6F9B9A-6828-4B0F-94A5-47F94E5C0FC4}.Debug|Any CPU.ActiveCfg = Debug|Any CPU
		{CA6F9B9A-6828-4B0F-94A5-47F94E5C0FC4}.Debug|Any CPU.Build.0 = Debug|Any CPU
		{CA6F9B9A-6828-4B0F-94A5-47F94E5C0FC4}.Debug|ARM64.ActiveCfg = Debug|Any CPU
		{CA6F9B9A-6828-4B0F-94A5-47F94E5C0FC4}.Debug|ARM64.Build.0 = Debug|Any CPU
		{CA6F9B9A-6828-4B0F-94A5-47F94E5C0FC4}.Debug|x64.ActiveCfg = Debug|Any CPU
		{CA6F9B9A-6828-4B0F-94A5-47F94E5C0FC4}.Debug|x64.Build.0 = Debug|Any CPU
		{CA6F9B9A-6828-4B0F-94A5-47F94E5C0FC4}.Debug|x86.ActiveCfg = Debug|Any CPU
		{CA6F9B9A-6828-4B0F-94A5-47F94E5C0FC4}.Debug|x86.Build.0 = Debug|Any CPU
		{CA6F9B9A-6828-4B0F-94A5-47F94E5C0FC4}.Release|Any CPU.ActiveCfg = Release|Any CPU
		{CA6F9B9A-6828-4B0F-94A5-47F94E5C0FC4}.Release|Any CPU.Build.0 = Release|Any CPU
		{CA6F9B9A-6828-4B0F-94A5-47F94E5C0FC4}.Release|ARM64.ActiveCfg = Release|Any CPU
		{CA6F9B9A-6828-4B0F-94A5-47F94E5C0FC4}.Release|ARM64.Build.0 = Release|Any CPU
		{CA6F9B9A-6828-4B0F-94A5-47F94E5C0FC4}.Release|x64.ActiveCfg = Release|Any CPU
		{CA6F9B9A-6828-4B0F-94A5-47F94E5C0FC4}.Release|x64.Build.0 = Release|Any CPU
		{CA6F9B9A-6828-4B0F-94A5-47F94E5C0FC4}.Release|x86.ActiveCfg = Release|Any CPU
		{CA6F9B9A-6828-4B0F-94A5-47F94E5C0FC4}.Release|x86.Build.0 = Release|Any CPU
		{49313A84-CB4F-4D0F-A87F-9EE239C283EA}.Debug|Any CPU.ActiveCfg = Debug|Any CPU
		{49313A84-CB4F-4D0F-A87F-9EE239C283EA}.Debug|Any CPU.Build.0 = Debug|Any CPU
		{49313A84-CB4F-4D0F-A87F-9EE239C283EA}.Debug|ARM64.ActiveCfg = Debug|Any CPU
		{49313A84-CB4F-4D0F-A87F-9EE239C283EA}.Debug|ARM64.Build.0 = Debug|Any CPU
		{49313A84-CB4F-4D0F-A87F-9EE239C283EA}.Debug|x64.ActiveCfg = Debug|Any CPU
		{49313A84-CB4F-4D0F-A87F-9EE239C283EA}.Debug|x64.Build.0 = Debug|Any CPU
		{49313A84-CB4F-4D0F-A87F-9EE239C283EA}.Debug|x86.ActiveCfg = Debug|Any CPU
		{49313A84-CB4F-4D0F-A87F-9EE239C283EA}.Debug|x86.Build.0 = Debug|Any CPU
		{49313A84-CB4F-4D0F-A87F-9EE239C283EA}.Release|Any CPU.ActiveCfg = Release|Any CPU
		{49313A84-CB4F-4D0F-A87F-9EE239C283EA}.Release|Any CPU.Build.0 = Release|Any CPU
		{49313A84-CB4F-4D0F-A87F-9EE239C283EA}.Release|ARM64.ActiveCfg = Release|Any CPU
		{49313A84-CB4F-4D0F-A87F-9EE239C283EA}.Release|ARM64.Build.0 = Release|Any CPU
		{49313A84-CB4F-4D0F-A87F-9EE239C283EA}.Release|x64.ActiveCfg = Release|Any CPU
		{49313A84-CB4F-4D0F-A87F-9EE239C283EA}.Release|x64.Build.0 = Release|Any CPU
		{49313A84-CB4F-4D0F-A87F-9EE239C283EA}.Release|x86.ActiveCfg = Release|Any CPU
		{49313A84-CB4F-4D0F-A87F-9EE239C283EA}.Release|x86.Build.0 = Release|Any CPU
		{FA1A7836-F82A-4AE2-82B6-4A0068829480}.Debug|Any CPU.ActiveCfg = Debug|x64
		{FA1A7836-F82A-4AE2-82B6-4A0068829480}.Debug|Any CPU.Build.0 = Debug|x64
		{FA1A7836-F82A-4AE2-82B6-4A0068829480}.Debug|Any CPU.Deploy.0 = Debug|x64
		{FA1A7836-F82A-4AE2-82B6-4A0068829480}.Debug|ARM64.ActiveCfg = Debug|ARM64
		{FA1A7836-F82A-4AE2-82B6-4A0068829480}.Debug|ARM64.Build.0 = Debug|ARM64
		{FA1A7836-F82A-4AE2-82B6-4A0068829480}.Debug|ARM64.Deploy.0 = Debug|ARM64
		{FA1A7836-F82A-4AE2-82B6-4A0068829480}.Debug|x64.ActiveCfg = Debug|x64
		{FA1A7836-F82A-4AE2-82B6-4A0068829480}.Debug|x64.Build.0 = Debug|x64
		{FA1A7836-F82A-4AE2-82B6-4A0068829480}.Debug|x64.Deploy.0 = Debug|x64
		{FA1A7836-F82A-4AE2-82B6-4A0068829480}.Debug|x86.ActiveCfg = Debug|x86
		{FA1A7836-F82A-4AE2-82B6-4A0068829480}.Debug|x86.Build.0 = Debug|x86
		{FA1A7836-F82A-4AE2-82B6-4A0068829480}.Debug|x86.Deploy.0 = Debug|x86
		{FA1A7836-F82A-4AE2-82B6-4A0068829480}.Release|Any CPU.ActiveCfg = Release|x64
		{FA1A7836-F82A-4AE2-82B6-4A0068829480}.Release|Any CPU.Build.0 = Release|x64
		{FA1A7836-F82A-4AE2-82B6-4A0068829480}.Release|Any CPU.Deploy.0 = Release|x64
		{FA1A7836-F82A-4AE2-82B6-4A0068829480}.Release|ARM64.ActiveCfg = Release|ARM64
		{FA1A7836-F82A-4AE2-82B6-4A0068829480}.Release|ARM64.Build.0 = Release|ARM64
		{FA1A7836-F82A-4AE2-82B6-4A0068829480}.Release|ARM64.Deploy.0 = Release|ARM64
		{FA1A7836-F82A-4AE2-82B6-4A0068829480}.Release|x64.ActiveCfg = Release|x64
		{FA1A7836-F82A-4AE2-82B6-4A0068829480}.Release|x64.Build.0 = Release|x64
		{FA1A7836-F82A-4AE2-82B6-4A0068829480}.Release|x64.Deploy.0 = Release|x64
		{FA1A7836-F82A-4AE2-82B6-4A0068829480}.Release|x86.ActiveCfg = Release|x86
		{FA1A7836-F82A-4AE2-82B6-4A0068829480}.Release|x86.Build.0 = Release|x86
		{FA1A7836-F82A-4AE2-82B6-4A0068829480}.Release|x86.Deploy.0 = Release|x86
		{2AEE005A-1F57-49F3-A59A-83703415B6EF}.Debug|Any CPU.ActiveCfg = Debug|x64
		{2AEE005A-1F57-49F3-A59A-83703415B6EF}.Debug|Any CPU.Build.0 = Debug|x64
		{2AEE005A-1F57-49F3-A59A-83703415B6EF}.Debug|ARM64.ActiveCfg = Debug|ARM64
		{2AEE005A-1F57-49F3-A59A-83703415B6EF}.Debug|ARM64.Build.0 = Debug|ARM64
		{2AEE005A-1F57-49F3-A59A-83703415B6EF}.Debug|x64.ActiveCfg = Debug|x64
		{2AEE005A-1F57-49F3-A59A-83703415B6EF}.Debug|x64.Build.0 = Debug|x64
		{2AEE005A-1F57-49F3-A59A-83703415B6EF}.Debug|x86.ActiveCfg = Debug|x86
		{2AEE005A-1F57-49F3-A59A-83703415B6EF}.Debug|x86.Build.0 = Debug|x86
		{2AEE005A-1F57-49F3-A59A-83703415B6EF}.Release|Any CPU.ActiveCfg = Release|x64
		{2AEE005A-1F57-49F3-A59A-83703415B6EF}.Release|Any CPU.Build.0 = Release|x64
		{2AEE005A-1F57-49F3-A59A-83703415B6EF}.Release|ARM64.ActiveCfg = Release|ARM64
		{2AEE005A-1F57-49F3-A59A-83703415B6EF}.Release|ARM64.Build.0 = Release|ARM64
		{2AEE005A-1F57-49F3-A59A-83703415B6EF}.Release|x64.ActiveCfg = Release|x64
		{2AEE005A-1F57-49F3-A59A-83703415B6EF}.Release|x64.Build.0 = Release|x64
		{2AEE005A-1F57-49F3-A59A-83703415B6EF}.Release|x86.ActiveCfg = Release|x86
		{2AEE005A-1F57-49F3-A59A-83703415B6EF}.Release|x86.Build.0 = Release|x86
	EndGlobalSection
	GlobalSection(SolutionProperties) = preSolution
		HideSolutionNode = FALSE
	EndGlobalSection
	GlobalSection(ExtensibilityGlobals) = postSolution
		SolutionGuid = {B0CBC723-0F48-43A9-A8EB-041EF559A553}
	EndGlobalSection
EndGlobal
