
Microsoft Visual Studio Solution File, Format Version 12.00
# Visual Studio Version 17
VisualStudioVersion = 17.10.34928.147
MinimumVisualStudioVersion = 10.0.40219.1
Project("{FAE04EC0-301F-11D3-BF4B-00C04F79EFBC}") = "maiorMenor18", "maiorMenor18\maiorMenor18.csproj", "{21FC471E-BA20-4DA6-9CAB-015C308E2C31}"
EndProject
Project("{FAE04EC0-301F-11D3-BF4B-00C04F79EFBC}") = "randomBin", "0s1s\randomBin.csproj", "{0B13E347-5BF9-4338-A106-13F9DEF290B9}"
EndProject
Project("{FAE04EC0-301F-11D3-BF4B-00C04F79EFBC}") = "toChar", "randomHex\toChar.csproj", "{CA6F9B9A-6828-4B0F-94A5-47F94E5C0FC4}"
EndProject
Project("{FAE04EC0-301F-11D3-BF4B-00C04F79EFBC}") = "tempoDeVida", "tempoDeVida\tempoDeVida.csproj", "{49313A84-CB4F-4D0F-A87F-9EE239C283EA}"
EndProject
Global
	GlobalSection(SolutionConfigurationPlatforms) = preSolution
		Debug|Any CPU = Debug|Any CPU
		Release|Any CPU = Release|Any CPU
	EndGlobalSection
	GlobalSection(ProjectConfigurationPlatforms) = postSolution
		{21FC471E-BA20-4DA6-9CAB-015C308E2C31}.Debug|Any CPU.ActiveCfg = Debug|Any CPU
		{21FC471E-BA20-4DA6-9CAB-015C308E2C31}.Debug|Any CPU.Build.0 = Debug|Any CPU
		{21FC471E-BA20-4DA6-9CAB-015C308E2C31}.Release|Any CPU.ActiveCfg = Release|Any CPU
		{21FC471E-BA20-4DA6-9CAB-015C308E2C31}.Release|Any CPU.Build.0 = Release|Any CPU
		{0B13E347-5BF9-4338-A106-13F9DEF290B9}.Debug|Any CPU.ActiveCfg = Debug|Any CPU
		{0B13E347-5BF9-4338-A106-13F9DEF290B9}.Debug|Any CPU.Build.0 = Debug|Any CPU
		{0B13E347-5BF9-4338-A106-13F9DEF290B9}.Release|Any CPU.ActiveCfg = Release|Any CPU
		{0B13E347-5BF9-4338-A106-13F9DEF290B9}.Release|Any CPU.Build.0 = Release|Any CPU
		{CA6F9B9A-6828-4B0F-94A5-47F94E5C0FC4}.Debug|Any CPU.ActiveCfg = Debug|Any CPU
		{CA6F9B9A-6828-4B0F-94A5-47F94E5C0FC4}.Debug|Any CPU.Build.0 = Debug|Any CPU
		{CA6F9B9A-6828-4B0F-94A5-47F94E5C0FC4}.Release|Any CPU.ActiveCfg = Release|Any CPU
		{CA6F9B9A-6828-4B0F-94A5-47F94E5C0FC4}.Release|Any CPU.Build.0 = Release|Any CPU
		{49313A84-CB4F-4D0F-A87F-9EE239C283EA}.Debug|Any CPU.ActiveCfg = Debug|Any CPU
		{49313A84-CB4F-4D0F-A87F-9EE239C283EA}.Debug|Any CPU.Build.0 = Debug|Any CPU
		{49313A84-CB4F-4D0F-A87F-9EE239C283EA}.Release|Any CPU.ActiveCfg = Release|Any CPU
		{49313A84-CB4F-4D0F-A87F-9EE239C283EA}.Release|Any CPU.Build.0 = Release|Any CPU
	EndGlobalSection
	GlobalSection(SolutionProperties) = preSolution
		HideSolutionNode = FALSE
	EndGlobalSection
	GlobalSection(ExtensibilityGlobals) = postSolution
		SolutionGuid = {B0CBC723-0F48-43A9-A8EB-041EF559A553}
	EndGlobalSection
EndGlobal
