
Microsoft Visual Studio Solution File, Format Version 12.00
# Visual Studio Version 17
VisualStudioVersion = 17.4.33205.214
MinimumVisualStudioVersion = 10.0.40219.1
Project("{FAE04EC0-301F-11D3-BF4B-00C04F79EFBC}") = "POO", "POO\POO.csproj", "{9E78830C-1AD1-4AA9-9CFD-E40CA502C84C}"
EndProject
Project("{FAE04EC0-301F-11D3-BF4B-00C04F79EFBC}") = "POOBoletim", "BoletimPOO\POOBoletim.csproj", "{67FA189E-28EA-4776-B3B8-0C72F19FFC4F}"
EndProject
Project("{FAE04EC0-301F-11D3-BF4B-00C04F79EFBC}") = "POOFolhaPagamento", "POOFolhaPagamento\POOFolhaPagamento.csproj", "{F8427BD9-3FAD-4843-9787-207C9D260630}"
EndProject
Project("{FAE04EC0-301F-11D3-BF4B-00C04F79EFBC}") = "POO.Danfe", "POO.Danfe\POO.Danfe.csproj", "{726F02C0-6F4A-4B31-A451-46D8671CB521}"
EndProject
Project("{FAE04EC0-301F-11D3-BF4B-00C04F79EFBC}") = "POO.Danfe.v2", "POO.Danfe.v2\POO.Danfe.v2.csproj", "{F2276FA7-1711-456B-B906-39386818B63F}"
EndProject
Global
	GlobalSection(SolutionConfigurationPlatforms) = preSolution
		Debug|Any CPU = Debug|Any CPU
		Release|Any CPU = Release|Any CPU
	EndGlobalSection
	GlobalSection(ProjectConfigurationPlatforms) = postSolution
		{9E78830C-1AD1-4AA9-9CFD-E40CA502C84C}.Debug|Any CPU.ActiveCfg = Debug|Any CPU
		{9E78830C-1AD1-4AA9-9CFD-E40CA502C84C}.Debug|Any CPU.Build.0 = Debug|Any CPU
		{9E78830C-1AD1-4AA9-9CFD-E40CA502C84C}.Release|Any CPU.ActiveCfg = Release|Any CPU
		{9E78830C-1AD1-4AA9-9CFD-E40CA502C84C}.Release|Any CPU.Build.0 = Release|Any CPU
		{67FA189E-28EA-4776-B3B8-0C72F19FFC4F}.Debug|Any CPU.ActiveCfg = Debug|Any CPU
		{67FA189E-28EA-4776-B3B8-0C72F19FFC4F}.Debug|Any CPU.Build.0 = Debug|Any CPU
		{67FA189E-28EA-4776-B3B8-0C72F19FFC4F}.Release|Any CPU.ActiveCfg = Release|Any CPU
		{67FA189E-28EA-4776-B3B8-0C72F19FFC4F}.Release|Any CPU.Build.0 = Release|Any CPU
		{F8427BD9-3FAD-4843-9787-207C9D260630}.Debug|Any CPU.ActiveCfg = Debug|Any CPU
		{F8427BD9-3FAD-4843-9787-207C9D260630}.Debug|Any CPU.Build.0 = Debug|Any CPU
		{F8427BD9-3FAD-4843-9787-207C9D260630}.Release|Any CPU.ActiveCfg = Release|Any CPU
		{F8427BD9-3FAD-4843-9787-207C9D260630}.Release|Any CPU.Build.0 = Release|Any CPU
		{726F02C0-6F4A-4B31-A451-46D8671CB521}.Debug|Any CPU.ActiveCfg = Debug|Any CPU
		{726F02C0-6F4A-4B31-A451-46D8671CB521}.Debug|Any CPU.Build.0 = Debug|Any CPU
		{726F02C0-6F4A-4B31-A451-46D8671CB521}.Release|Any CPU.ActiveCfg = Release|Any CPU
		{726F02C0-6F4A-4B31-A451-46D8671CB521}.Release|Any CPU.Build.0 = Release|Any CPU
		{F2276FA7-1711-456B-B906-39386818B63F}.Debug|Any CPU.ActiveCfg = Debug|Any CPU
		{F2276FA7-1711-456B-B906-39386818B63F}.Debug|Any CPU.Build.0 = Debug|Any CPU
		{F2276FA7-1711-456B-B906-39386818B63F}.Release|Any CPU.ActiveCfg = Release|Any CPU
		{F2276FA7-1711-456B-B906-39386818B63F}.Release|Any CPU.Build.0 = Release|Any CPU
	EndGlobalSection
	GlobalSection(SolutionProperties) = preSolution
		HideSolutionNode = FALSE
	EndGlobalSection
	GlobalSection(ExtensibilityGlobals) = postSolution
		SolutionGuid = {615907E3-0A73-4C38-A377-CC18F6186374}
	EndGlobalSection
EndGlobal
